
Microsoft Visual Studio Solution File, Format Version 12.00
# Visual Studio 15
VisualStudioVersion = 15.0.27703.2035
MinimumVisualStudioVersion = 10.0.40219.1
Project("{8BC9CEB8-8B4A-11D0-8D11-00A0C91BC942}") = "swp_steam", "swp_steam\swp_steam.vcxproj", "{10E6AEA0-16A0-407D-88EA-AA1C2DA9FCE4}"
EndProject
Project("{2150E333-8FDC-42A3-9474-1A3956D46DE8}") = "libs", "libs", "{89165671-F84B-4A62-B0BB-2871E2D85E01}"
EndProject
Project("{8BC9CEB8-8B4A-11D0-8D11-00A0C91BC942}") = "ZipLib", "libs\ziplib\Source\ZipLib\ZipLib.vcxproj", "{5C9FD859-DDF9-4510-8397-B329B0AE8C48}"
EndProject
Project("{2150E333-8FDC-42A3-9474-1A3956D46DE8}") = "Extlibs", "Extlibs", "{116A2236-EE24-4FCD-A985-C9235933415F}"
EndProject
Project("{8BC9CEB8-8B4A-11D0-8D11-00A0C91BC942}") = "lzma", "libs\ziplib\Source\ZipLib\extlibs\lzma\lzma.vcxproj", "{7EAD1358-3E72-4FB6-A212-25D462B5C1E9}"
EndProject
Project("{8BC9CEB8-8B4A-11D0-8D11-00A0C91BC942}") = "zlib", "libs\ziplib\Source\ZipLib\extlibs\zlib\zlib.vcxproj", "{BAEB16B3-DB4C-432F-9E6A-2ACADEA0691D}"
EndProject
Project("{8BC9CEB8-8B4A-11D0-8D11-00A0C91BC942}") = "bzip2", "libs\ziplib\Source\ZipLib\extlibs\bzip2\bzip2.vcxproj", "{DBBF348D-C221-4F2E-8A0D-24EFA0D98E71}"
EndProject
Project("{8BC9CEB8-8B4A-11D0-8D11-00A0C91BC942}") = "swp_patch", "swp_patch\swp_patch.vcxproj", "{437AB47C-8179-4C03-A232-83C436984A69}"
EndProject
Project("{8BC9CEB8-8B4A-11D0-8D11-00A0C91BC942}") = "swp_injector", "swp_injector\swp_injector.vcxproj", "{1251CD27-FF69-4888-BD44-1AEDD0E031D5}"
	ProjectSection(ProjectDependencies) = postProject
		{437AB47C-8179-4C03-A232-83C436984A69} = {437AB47C-8179-4C03-A232-83C436984A69}
	EndProjectSection
EndProject
Project("{8BC9CEB8-8B4A-11D0-8D11-00A0C91BC942}") = "console", "console\console.vcxproj", "{5C3BB9C6-E830-4463-B2F0-2B2E60C94837}"
EndProject
Project("{8BC9CEB8-8B4A-11D0-8D11-00A0C91BC942}") = "detours", "libs\detours\detours.vcxproj", "{1262D2CF-F69A-43B9-A05C-165EFF1E35D7}"
EndProject
Project("{8BC9CEB8-8B4A-11D0-8D11-00A0C91BC942}") = "sw_patcher_steam", "sw_patcher_steam\sw_patcher_steam.vcxproj", "{FF8B0225-AD1F-4537-9A72-1620B2B1512B}"
EndProject
Project("{8BC9CEB8-8B4A-11D0-8D11-00A0C91BC942}") = "swp_steam_lib", "swp_steam_lib\swp_steam_lib.vcxproj", "{13804E0E-D24F-4CED-B260-048368BD5AC5}"
EndProject
Global
	GlobalSection(SolutionConfigurationPlatforms) = preSolution
		Debug|Win32 = Debug|Win32
		Debug|x64 = Debug|x64
		Debug|x86 = Debug|x86
		Release|Win32 = Release|Win32
		Release|x64 = Release|x64
		Release|x86 = Release|x86
	EndGlobalSection
	GlobalSection(ProjectConfigurationPlatforms) = postSolution
		{10E6AEA0-16A0-407D-88EA-AA1C2DA9FCE4}.Debug|Win32.ActiveCfg = Debug|Win32
		{10E6AEA0-16A0-407D-88EA-AA1C2DA9FCE4}.Debug|Win32.Build.0 = Debug|Win32
		{10E6AEA0-16A0-407D-88EA-AA1C2DA9FCE4}.Debug|x64.ActiveCfg = Debug|x64
		{10E6AEA0-16A0-407D-88EA-AA1C2DA9FCE4}.Debug|x64.Build.0 = Debug|x64
		{10E6AEA0-16A0-407D-88EA-AA1C2DA9FCE4}.Debug|x86.ActiveCfg = Debug|Win32
		{10E6AEA0-16A0-407D-88EA-AA1C2DA9FCE4}.Debug|x86.Build.0 = Debug|Win32
		{10E6AEA0-16A0-407D-88EA-AA1C2DA9FCE4}.Release|Win32.ActiveCfg = Release|Win32
		{10E6AEA0-16A0-407D-88EA-AA1C2DA9FCE4}.Release|Win32.Build.0 = Release|Win32
		{10E6AEA0-16A0-407D-88EA-AA1C2DA9FCE4}.Release|x64.ActiveCfg = Release|x64
		{10E6AEA0-16A0-407D-88EA-AA1C2DA9FCE4}.Release|x64.Build.0 = Release|x64
		{10E6AEA0-16A0-407D-88EA-AA1C2DA9FCE4}.Release|x86.ActiveCfg = Release|Win32
		{10E6AEA0-16A0-407D-88EA-AA1C2DA9FCE4}.Release|x86.Build.0 = Release|Win32
		{5C9FD859-DDF9-4510-8397-B329B0AE8C48}.Debug|Win32.ActiveCfg = Debug|Win32
		{5C9FD859-DDF9-4510-8397-B329B0AE8C48}.Debug|Win32.Build.0 = Debug|Win32
		{5C9FD859-DDF9-4510-8397-B329B0AE8C48}.Debug|x64.ActiveCfg = Debug|x64
		{5C9FD859-DDF9-4510-8397-B329B0AE8C48}.Debug|x64.Build.0 = Debug|x64
		{5C9FD859-DDF9-4510-8397-B329B0AE8C48}.Debug|x86.ActiveCfg = Debug|Win32
		{5C9FD859-DDF9-4510-8397-B329B0AE8C48}.Debug|x86.Build.0 = Debug|Win32
		{5C9FD859-DDF9-4510-8397-B329B0AE8C48}.Release|Win32.ActiveCfg = Release|Win32
		{5C9FD859-DDF9-4510-8397-B329B0AE8C48}.Release|Win32.Build.0 = Release|Win32
		{5C9FD859-DDF9-4510-8397-B329B0AE8C48}.Release|x64.ActiveCfg = Release|x64
		{5C9FD859-DDF9-4510-8397-B329B0AE8C48}.Release|x64.Build.0 = Release|x64
		{5C9FD859-DDF9-4510-8397-B329B0AE8C48}.Release|x86.ActiveCfg = Release|Win32
		{5C9FD859-DDF9-4510-8397-B329B0AE8C48}.Release|x86.Build.0 = Release|Win32
		{7EAD1358-3E72-4FB6-A212-25D462B5C1E9}.Debug|Win32.ActiveCfg = Debug|Win32
		{7EAD1358-3E72-4FB6-A212-25D462B5C1E9}.Debug|Win32.Build.0 = Debug|Win32
		{7EAD1358-3E72-4FB6-A212-25D462B5C1E9}.Debug|x64.ActiveCfg = Debug|x64
		{7EAD1358-3E72-4FB6-A212-25D462B5C1E9}.Debug|x64.Build.0 = Debug|x64
		{7EAD1358-3E72-4FB6-A212-25D462B5C1E9}.Debug|x86.ActiveCfg = Debug|Win32
		{7EAD1358-3E72-4FB6-A212-25D462B5C1E9}.Debug|x86.Build.0 = Debug|Win32
		{7EAD1358-3E72-4FB6-A212-25D462B5C1E9}.Release|Win32.ActiveCfg = Release|Win32
		{7EAD1358-3E72-4FB6-A212-25D462B5C1E9}.Release|Win32.Build.0 = Release|Win32
		{7EAD1358-3E72-4FB6-A212-25D462B5C1E9}.Release|x64.ActiveCfg = Release|x64
		{7EAD1358-3E72-4FB6-A212-25D462B5C1E9}.Release|x64.Build.0 = Release|x64
		{7EAD1358-3E72-4FB6-A212-25D462B5C1E9}.Release|x86.ActiveCfg = Release|Win32
		{7EAD1358-3E72-4FB6-A212-25D462B5C1E9}.Release|x86.Build.0 = Release|Win32
		{BAEB16B3-DB4C-432F-9E6A-2ACADEA0691D}.Debug|Win32.ActiveCfg = Debug|Win32
		{BAEB16B3-DB4C-432F-9E6A-2ACADEA0691D}.Debug|Win32.Build.0 = Debug|Win32
		{BAEB16B3-DB4C-432F-9E6A-2ACADEA0691D}.Debug|x64.ActiveCfg = Debug|x64
		{BAEB16B3-DB4C-432F-9E6A-2ACADEA0691D}.Debug|x64.Build.0 = Debug|x64
		{BAEB16B3-DB4C-432F-9E6A-2ACADEA0691D}.Debug|x86.ActiveCfg = Debug|Win32
		{BAEB16B3-DB4C-432F-9E6A-2ACADEA0691D}.Debug|x86.Build.0 = Debug|Win32
		{BAEB16B3-DB4C-432F-9E6A-2ACADEA0691D}.Release|Win32.ActiveCfg = Release|Win32
		{BAEB16B3-DB4C-432F-9E6A-2ACADEA0691D}.Release|Win32.Build.0 = Release|Win32
		{BAEB16B3-DB4C-432F-9E6A-2ACADEA0691D}.Release|x64.ActiveCfg = Release|x64
		{BAEB16B3-DB4C-432F-9E6A-2ACADEA0691D}.Release|x64.Build.0 = Release|x64
		{BAEB16B3-DB4C-432F-9E6A-2ACADEA0691D}.Release|x86.ActiveCfg = Release|Win32
		{BAEB16B3-DB4C-432F-9E6A-2ACADEA0691D}.Release|x86.Build.0 = Release|Win32
		{DBBF348D-C221-4F2E-8A0D-24EFA0D98E71}.Debug|Win32.ActiveCfg = Debug|Win32
		{DBBF348D-C221-4F2E-8A0D-24EFA0D98E71}.Debug|Win32.Build.0 = Debug|Win32
		{DBBF348D-C221-4F2E-8A0D-24EFA0D98E71}.Debug|x64.ActiveCfg = Debug|x64
		{DBBF348D-C221-4F2E-8A0D-24EFA0D98E71}.Debug|x64.Build.0 = Debug|x64
		{DBBF348D-C221-4F2E-8A0D-24EFA0D98E71}.Debug|x86.ActiveCfg = Debug|Win32
		{DBBF348D-C221-4F2E-8A0D-24EFA0D98E71}.Debug|x86.Build.0 = Debug|Win32
		{DBBF348D-C221-4F2E-8A0D-24EFA0D98E71}.Release|Win32.ActiveCfg = Release|Win32
		{DBBF348D-C221-4F2E-8A0D-24EFA0D98E71}.Release|Win32.Build.0 = Release|Win32
		{DBBF348D-C221-4F2E-8A0D-24EFA0D98E71}.Release|x64.ActiveCfg = Release|x64
		{DBBF348D-C221-4F2E-8A0D-24EFA0D98E71}.Release|x64.Build.0 = Release|x64
		{DBBF348D-C221-4F2E-8A0D-24EFA0D98E71}.Release|x86.ActiveCfg = Release|Win32
		{DBBF348D-C221-4F2E-8A0D-24EFA0D98E71}.Release|x86.Build.0 = Release|Win32
		{437AB47C-8179-4C03-A232-83C436984A69}.Debug|Win32.ActiveCfg = Debug|Win32
		{437AB47C-8179-4C03-A232-83C436984A69}.Debug|Win32.Build.0 = Debug|Win32
		{437AB47C-8179-4C03-A232-83C436984A69}.Debug|x64.ActiveCfg = Debug|x64
		{437AB47C-8179-4C03-A232-83C436984A69}.Debug|x64.Build.0 = Debug|x64
		{437AB47C-8179-4C03-A232-83C436984A69}.Debug|x86.ActiveCfg = Debug|Win32
		{437AB47C-8179-4C03-A232-83C436984A69}.Debug|x86.Build.0 = Debug|Win32
		{437AB47C-8179-4C03-A232-83C436984A69}.Release|Win32.ActiveCfg = Release|Win32
		{437AB47C-8179-4C03-A232-83C436984A69}.Release|Win32.Build.0 = Release|Win32
		{437AB47C-8179-4C03-A232-83C436984A69}.Release|x64.ActiveCfg = Release|x64
		{437AB47C-8179-4C03-A232-83C436984A69}.Release|x64.Build.0 = Release|x64
		{437AB47C-8179-4C03-A232-83C436984A69}.Release|x86.ActiveCfg = Release|Win32
		{437AB47C-8179-4C03-A232-83C436984A69}.Release|x86.Build.0 = Release|Win32
		{1251CD27-FF69-4888-BD44-1AEDD0E031D5}.Debug|Win32.ActiveCfg = Debug|Win32
		{1251CD27-FF69-4888-BD44-1AEDD0E031D5}.Debug|Win32.Build.0 = Debug|Win32
		{1251CD27-FF69-4888-BD44-1AEDD0E031D5}.Debug|x64.ActiveCfg = Debug|x64
		{1251CD27-FF69-4888-BD44-1AEDD0E031D5}.Debug|x64.Build.0 = Debug|x64
		{1251CD27-FF69-4888-BD44-1AEDD0E031D5}.Debug|x86.ActiveCfg = Debug|Win32
		{1251CD27-FF69-4888-BD44-1AEDD0E031D5}.Debug|x86.Build.0 = Debug|Win32
		{1251CD27-FF69-4888-BD44-1AEDD0E031D5}.Release|Win32.ActiveCfg = Release|Win32
		{1251CD27-FF69-4888-BD44-1AEDD0E031D5}.Release|Win32.Build.0 = Release|Win32
		{1251CD27-FF69-4888-BD44-1AEDD0E031D5}.Release|x64.ActiveCfg = Release|x64
		{1251CD27-FF69-4888-BD44-1AEDD0E031D5}.Release|x64.Build.0 = Release|x64
		{1251CD27-FF69-4888-BD44-1AEDD0E031D5}.Release|x86.ActiveCfg = Release|Win32
		{1251CD27-FF69-4888-BD44-1AEDD0E031D5}.Release|x86.Build.0 = Release|Win32
		{5C3BB9C6-E830-4463-B2F0-2B2E60C94837}.Debug|Win32.ActiveCfg = Debug|Win32
		{5C3BB9C6-E830-4463-B2F0-2B2E60C94837}.Debug|Win32.Build.0 = Debug|Win32
		{5C3BB9C6-E830-4463-B2F0-2B2E60C94837}.Debug|x64.ActiveCfg = Debug|x64
		{5C3BB9C6-E830-4463-B2F0-2B2E60C94837}.Debug|x64.Build.0 = Debug|x64
		{5C3BB9C6-E830-4463-B2F0-2B2E60C94837}.Debug|x86.ActiveCfg = Debug|Win32
		{5C3BB9C6-E830-4463-B2F0-2B2E60C94837}.Debug|x86.Build.0 = Debug|Win32
		{5C3BB9C6-E830-4463-B2F0-2B2E60C94837}.Release|Win32.ActiveCfg = Release|Win32
		{5C3BB9C6-E830-4463-B2F0-2B2E60C94837}.Release|Win32.Build.0 = Release|Win32
		{5C3BB9C6-E830-4463-B2F0-2B2E60C94837}.Release|x64.ActiveCfg = Release|x64
		{5C3BB9C6-E830-4463-B2F0-2B2E60C94837}.Release|x64.Build.0 = Release|x64
		{5C3BB9C6-E830-4463-B2F0-2B2E60C94837}.Release|x86.ActiveCfg = Release|Win32
		{5C3BB9C6-E830-4463-B2F0-2B2E60C94837}.Release|x86.Build.0 = Release|Win32
		{1262D2CF-F69A-43B9-A05C-165EFF1E35D7}.Debug|Win32.ActiveCfg = Debug|Win32
		{1262D2CF-F69A-43B9-A05C-165EFF1E35D7}.Debug|Win32.Build.0 = Debug|Win32
		{1262D2CF-F69A-43B9-A05C-165EFF1E35D7}.Debug|x64.ActiveCfg = Debug|x64
		{1262D2CF-F69A-43B9-A05C-165EFF1E35D7}.Debug|x64.Build.0 = Debug|x64
		{1262D2CF-F69A-43B9-A05C-165EFF1E35D7}.Debug|x86.ActiveCfg = Debug|Win32
		{1262D2CF-F69A-43B9-A05C-165EFF1E35D7}.Debug|x86.Build.0 = Debug|Win32
		{1262D2CF-F69A-43B9-A05C-165EFF1E35D7}.Release|Win32.ActiveCfg = Release|Win32
		{1262D2CF-F69A-43B9-A05C-165EFF1E35D7}.Release|Win32.Build.0 = Release|Win32
		{1262D2CF-F69A-43B9-A05C-165EFF1E35D7}.Release|x64.ActiveCfg = Release|x64
		{1262D2CF-F69A-43B9-A05C-165EFF1E35D7}.Release|x64.Build.0 = Release|x64
		{1262D2CF-F69A-43B9-A05C-165EFF1E35D7}.Release|x86.ActiveCfg = Release|Win32
		{1262D2CF-F69A-43B9-A05C-165EFF1E35D7}.Release|x86.Build.0 = Release|Win32
		{FF8B0225-AD1F-4537-9A72-1620B2B1512B}.Debug|Win32.ActiveCfg = Debug|Win32
		{FF8B0225-AD1F-4537-9A72-1620B2B1512B}.Debug|Win32.Build.0 = Debug|Win32
		{FF8B0225-AD1F-4537-9A72-1620B2B1512B}.Debug|x64.ActiveCfg = Debug|x64
		{FF8B0225-AD1F-4537-9A72-1620B2B1512B}.Debug|x64.Build.0 = Debug|x64
		{FF8B0225-AD1F-4537-9A72-1620B2B1512B}.Debug|x86.ActiveCfg = Debug|Win32
		{FF8B0225-AD1F-4537-9A72-1620B2B1512B}.Debug|x86.Build.0 = Debug|Win32
		{FF8B0225-AD1F-4537-9A72-1620B2B1512B}.Release|Win32.ActiveCfg = Release|Win32
		{FF8B0225-AD1F-4537-9A72-1620B2B1512B}.Release|Win32.Build.0 = Release|Win32
		{FF8B0225-AD1F-4537-9A72-1620B2B1512B}.Release|x64.ActiveCfg = Release|x64
		{FF8B0225-AD1F-4537-9A72-1620B2B1512B}.Release|x64.Build.0 = Release|x64
		{FF8B0225-AD1F-4537-9A72-1620B2B1512B}.Release|x86.ActiveCfg = Release|Win32
		{FF8B0225-AD1F-4537-9A72-1620B2B1512B}.Release|x86.Build.0 = Release|Win32
		{13804E0E-D24F-4CED-B260-048368BD5AC5}.Debug|Win32.ActiveCfg = Debug|Win32
		{13804E0E-D24F-4CED-B260-048368BD5AC5}.Debug|Win32.Build.0 = Debug|Win32
		{13804E0E-D24F-4CED-B260-048368BD5AC5}.Debug|x64.ActiveCfg = Debug|x64
		{13804E0E-D24F-4CED-B260-048368BD5AC5}.Debug|x64.Build.0 = Debug|x64
		{13804E0E-D24F-4CED-B260-048368BD5AC5}.Debug|x86.ActiveCfg = Debug|Win32
		{13804E0E-D24F-4CED-B260-048368BD5AC5}.Debug|x86.Build.0 = Debug|Win32
		{13804E0E-D24F-4CED-B260-048368BD5AC5}.Release|Win32.ActiveCfg = Release|Win32
		{13804E0E-D24F-4CED-B260-048368BD5AC5}.Release|Win32.Build.0 = Release|Win32
		{13804E0E-D24F-4CED-B260-048368BD5AC5}.Release|x64.ActiveCfg = Release|x64
		{13804E0E-D24F-4CED-B260-048368BD5AC5}.Release|x64.Build.0 = Release|x64
		{13804E0E-D24F-4CED-B260-048368BD5AC5}.Release|x86.ActiveCfg = Release|Win32
		{13804E0E-D24F-4CED-B260-048368BD5AC5}.Release|x86.Build.0 = Release|Win32
	EndGlobalSection
	GlobalSection(SolutionProperties) = preSolution
		HideSolutionNode = FALSE
	EndGlobalSection
	GlobalSection(NestedProjects) = preSolution
		{5C9FD859-DDF9-4510-8397-B329B0AE8C48} = {89165671-F84B-4A62-B0BB-2871E2D85E01}
		{116A2236-EE24-4FCD-A985-C9235933415F} = {89165671-F84B-4A62-B0BB-2871E2D85E01}
		{7EAD1358-3E72-4FB6-A212-25D462B5C1E9} = {116A2236-EE24-4FCD-A985-C9235933415F}
		{BAEB16B3-DB4C-432F-9E6A-2ACADEA0691D} = {116A2236-EE24-4FCD-A985-C9235933415F}
		{DBBF348D-C221-4F2E-8A0D-24EFA0D98E71} = {116A2236-EE24-4FCD-A985-C9235933415F}
		{1262D2CF-F69A-43B9-A05C-165EFF1E35D7} = {89165671-F84B-4A62-B0BB-2871E2D85E01}
	EndGlobalSection
	GlobalSection(ExtensibilityGlobals) = postSolution
		SolutionGuid = {8FD372DC-B10B-4643-82D1-C1828983CC52}
	EndGlobalSection
EndGlobal
